
Microsoft Visual Studio Solution File, Format Version 12.00
# Visual Studio Version 17
VisualStudioVersion = 17.13.35913.81
MinimumVisualStudioVersion = 10.0.40219.1
Project("{FAE04EC0-301F-11D3-BF4B-00C04F79EFBC}") = "TicTacToe", "TicTacToe\TicTacToe.csproj", "{F4F37577-3B82-4C3B-81EE-505874A94622}"
EndProject
Project("{FAE04EC0-301F-11D3-BF4B-00C04F79EFBC}") = "TicTacToe.BlazorUI", "TicTacToe.BlazorUI\TicTacToe.BlazorUI.csproj", "{51513B22-4AE5-43C4-54A2-9F75D93ACFD8}"
EndProject
Project("{2150E333-8FDC-42A3-9474-1A3956D46DE8}") = "Элементы решения", "Элементы решения", "{754FC069-D67B-A9D7-50A1-8D1CA196D8F1}"
	ProjectSection(SolutionItems) = preProject
		docker-compose.yml = docker-compose.yml
	EndProjectSection
EndProject
Global
	GlobalSection(SolutionConfigurationPlatforms) = preSolution
		Debug|Any CPU = Debug|Any CPU
		Release|Any CPU = Release|Any CPU
	EndGlobalSection
	GlobalSection(ProjectConfigurationPlatforms) = postSolution
		{F4F37577-3B82-4C3B-81EE-505874A94622}.Debug|Any CPU.ActiveCfg = Debug|Any CPU
		{F4F37577-3B82-4C3B-81EE-505874A94622}.Debug|Any CPU.Build.0 = Debug|Any CPU
		{F4F37577-3B82-4C3B-81EE-505874A94622}.Release|Any CPU.ActiveCfg = Release|Any CPU
		{F4F37577-3B82-4C3B-81EE-505874A94622}.Release|Any CPU.Build.0 = Release|Any CPU
		{51513B22-4AE5-43C4-54A2-9F75D93ACFD8}.Debug|Any CPU.ActiveCfg = Debug|Any CPU
		{51513B22-4AE5-43C4-54A2-9F75D93ACFD8}.Debug|Any CPU.Build.0 = Debug|Any CPU
		{51513B22-4AE5-43C4-54A2-9F75D93ACFD8}.Release|Any CPU.ActiveCfg = Release|Any CPU
		{51513B22-4AE5-43C4-54A2-9F75D93ACFD8}.Release|Any CPU.Build.0 = Release|Any CPU
	EndGlobalSection
	GlobalSection(SolutionProperties) = preSolution
		HideSolutionNode = FALSE
	EndGlobalSection
	GlobalSection(ExtensibilityGlobals) = postSolution
		SolutionGuid = {68C7241D-2064-4BDD-80EC-D61DD57BC668}
	EndGlobalSection
EndGlobal
